// !$*UTF8*$!
{
	archiveVersion = 1;
	classes = {
	};
	objectVersion = 50;
	objects = {

/* Begin PBXBuildFile section */
		290232D072819D29924D149D /* libPods-JKO-Homework.a in Frameworks */ = {isa = PBXBuildFile; fileRef = 63CE931A3423D2DFACFBCEEB /* libPods-JKO-Homework.a */; };
		7909767B245ED502009F36CB /* InfoHeaderCellViewModel.swift in Sources */ = {isa = PBXBuildFile; fileRef = 7909767A245ED502009F36CB /* InfoHeaderCellViewModel.swift */; };
		793CDFBF245A831E00F13D09 /* AppDelegate.swift in Sources */ = {isa = PBXBuildFile; fileRef = 793CDFBE245A831E00F13D09 /* AppDelegate.swift */; };
		793CDFC1245A831F00F13D09 /* SceneDelegate.swift in Sources */ = {isa = PBXBuildFile; fileRef = 793CDFC0245A831F00F13D09 /* SceneDelegate.swift */; };
		793CDFC3245A831F00F13D09 /* MainViewController.swift in Sources */ = {isa = PBXBuildFile; fileRef = 793CDFC2245A831F00F13D09 /* MainViewController.swift */; };
		793CDFC6245A831F00F13D09 /* Main.storyboard in Resources */ = {isa = PBXBuildFile; fileRef = 793CDFC4245A831F00F13D09 /* Main.storyboard */; };
		793CDFC8245A832300F13D09 /* Assets.xcassets in Resources */ = {isa = PBXBuildFile; fileRef = 793CDFC7245A832300F13D09 /* Assets.xcassets */; };
		793CDFCB245A832300F13D09 /* LaunchScreen.storyboard in Resources */ = {isa = PBXBuildFile; fileRef = 793CDFC9245A832300F13D09 /* LaunchScreen.storyboard */; };
		793CDFDC245ABD3600F13D09 /* BaseViewController.swift in Sources */ = {isa = PBXBuildFile; fileRef = 793CDFDB245ABD3600F13D09 /* BaseViewController.swift */; };
		793CDFDF245ABFAF00F13D09 /* MainViewOutlet.swift in Sources */ = {isa = PBXBuildFile; fileRef = 793CDFDE245ABFAF00F13D09 /* MainViewOutlet.swift */; };
		793CDFE6245B4B3B00F13D09 /* UIView+Extensions.swift in Sources */ = {isa = PBXBuildFile; fileRef = 793CDFE5245B4B3B00F13D09 /* UIView+Extensions.swift */; };
		793CDFE9245C3B9100F13D09 /* InfoHeaderCell.swift in Sources */ = {isa = PBXBuildFile; fileRef = 793CDFE7245C3B9100F13D09 /* InfoHeaderCell.swift */; };
		793CDFEA245C3B9100F13D09 /* InfoHeaderCell.xib in Resources */ = {isa = PBXBuildFile; fileRef = 793CDFE8245C3B9100F13D09 /* InfoHeaderCell.xib */; };
		793CDFEE245DCA2500F13D09 /* BaseConfig.swift in Sources */ = {isa = PBXBuildFile; fileRef = 793CDFED245DCA2400F13D09 /* BaseConfig.swift */; };
		793CDFF0245DF84D00F13D09 /* BlogRouter.swift in Sources */ = {isa = PBXBuildFile; fileRef = 793CDFEF245DF84D00F13D09 /* BlogRouter.swift */; };
		793CDFF2245DFBFA00F13D09 /* APIRouterHelper.swift in Sources */ = {isa = PBXBuildFile; fileRef = 793CDFF1245DFBFA00F13D09 /* APIRouterHelper.swift */; };
		793CDFF4245E01CC00F13D09 /* BlogManager.swift in Sources */ = {isa = PBXBuildFile; fileRef = 793CDFF3245E01CC00F13D09 /* BlogManager.swift */; };
		793CDFF6245E029000F13D09 /* Alamofire+Extensions.swift in Sources */ = {isa = PBXBuildFile; fileRef = 793CDFF5245E029000F13D09 /* Alamofire+Extensions.swift */; };
		793CDFF8245E050500F13D09 /* InfoModel.swift in Sources */ = {isa = PBXBuildFile; fileRef = 793CDFF7245E050500F13D09 /* InfoModel.swift */; };
		793CDFFA245E05C100F13D09 /* AvatarModel.swift in Sources */ = {isa = PBXBuildFile; fileRef = 793CDFF9245E05C100F13D09 /* AvatarModel.swift */; };
		793CDFFC245E0C2D00F13D09 /* ModelBase.swift in Sources */ = {isa = PBXBuildFile; fileRef = 793CDFFB245E0C2D00F13D09 /* ModelBase.swift */; };
		793CE000245E0CFD00F13D09 /* ResponseBase.swift in Sources */ = {isa = PBXBuildFile; fileRef = 793CDFFF245E0CFD00F13D09 /* ResponseBase.swift */; };
		793CE002245E0D9C00F13D09 /* InfoResponse.swift in Sources */ = {isa = PBXBuildFile; fileRef = 793CE001245E0D9C00F13D09 /* InfoResponse.swift */; };
		793CE004245E9B6300F13D09 /* MainViewModel.swift in Sources */ = {isa = PBXBuildFile; fileRef = 793CE003245E9B6300F13D09 /* MainViewModel.swift */; };
		793CE006245E9CC800F13D09 /* Enums.swift in Sources */ = {isa = PBXBuildFile; fileRef = 793CE005245E9CC800F13D09 /* Enums.swift */; };
		793CE008245EA0B100F13D09 /* NSObject+Extensions.swift in Sources */ = {isa = PBXBuildFile; fileRef = 793CE007245EA0B000F13D09 /* NSObject+Extensions.swift */; };
		793CE00A245EB98800F13D09 /* String+Extensions.swift in Sources */ = {isa = PBXBuildFile; fileRef = 793CE009245EB98800F13D09 /* String+Extensions.swift */; };
/* End PBXBuildFile section */

/* Begin PBXFileReference section */
		63CE931A3423D2DFACFBCEEB /* libPods-JKO-Homework.a */ = {isa = PBXFileReference; explicitFileType = archive.ar; includeInIndex = 0; path = "libPods-JKO-Homework.a"; sourceTree = BUILT_PRODUCTS_DIR; };
		7909767A245ED502009F36CB /* InfoHeaderCellViewModel.swift */ = {isa = PBXFileReference; lastKnownFileType = sourcecode.swift; path = InfoHeaderCellViewModel.swift; sourceTree = "<group>"; };
		793CDFBB245A831E00F13D09 /* 街口作業.app */ = {isa = PBXFileReference; explicitFileType = wrapper.application; includeInIndex = 0; path = "街口作業.app"; sourceTree = BUILT_PRODUCTS_DIR; };
		793CDFBE245A831E00F13D09 /* AppDelegate.swift */ = {isa = PBXFileReference; lastKnownFileType = sourcecode.swift; path = AppDelegate.swift; sourceTree = "<group>"; };
		793CDFC0245A831F00F13D09 /* SceneDelegate.swift */ = {isa = PBXFileReference; lastKnownFileType = sourcecode.swift; path = SceneDelegate.swift; sourceTree = "<group>"; };
		793CDFC2245A831F00F13D09 /* MainViewController.swift */ = {isa = PBXFileReference; lastKnownFileType = sourcecode.swift; path = MainViewController.swift; sourceTree = "<group>"; };
		793CDFC5245A831F00F13D09 /* Base */ = {isa = PBXFileReference; lastKnownFileType = file.storyboard; name = Base; path = Base.lproj/Main.storyboard; sourceTree = "<group>"; };
		793CDFC7245A832300F13D09 /* Assets.xcassets */ = {isa = PBXFileReference; lastKnownFileType = folder.assetcatalog; path = Assets.xcassets; sourceTree = "<group>"; };
		793CDFCA245A832300F13D09 /* Base */ = {isa = PBXFileReference; lastKnownFileType = file.storyboard; name = Base; path = Base.lproj/LaunchScreen.storyboard; sourceTree = "<group>"; };
		793CDFCC245A832300F13D09 /* Info.plist */ = {isa = PBXFileReference; lastKnownFileType = text.plist.xml; path = Info.plist; sourceTree = "<group>"; };
		793CDFDB245ABD3600F13D09 /* BaseViewController.swift */ = {isa = PBXFileReference; lastKnownFileType = sourcecode.swift; path = BaseViewController.swift; sourceTree = "<group>"; };
		793CDFDE245ABFAF00F13D09 /* MainViewOutlet.swift */ = {isa = PBXFileReference; lastKnownFileType = sourcecode.swift; path = MainViewOutlet.swift; sourceTree = "<group>"; };
		793CDFE5245B4B3B00F13D09 /* UIView+Extensions.swift */ = {isa = PBXFileReference; fileEncoding = 4; lastKnownFileType = sourcecode.swift; path = "UIView+Extensions.swift"; sourceTree = "<group>"; };
		793CDFE7245C3B9100F13D09 /* InfoHeaderCell.swift */ = {isa = PBXFileReference; lastKnownFileType = sourcecode.swift; path = InfoHeaderCell.swift; sourceTree = "<group>"; };
		793CDFE8245C3B9100F13D09 /* InfoHeaderCell.xib */ = {isa = PBXFileReference; lastKnownFileType = file.xib; path = InfoHeaderCell.xib; sourceTree = "<group>"; };
		793CDFED245DCA2400F13D09 /* BaseConfig.swift */ = {isa = PBXFileReference; lastKnownFileType = sourcecode.swift; path = BaseConfig.swift; sourceTree = "<group>"; };
		793CDFEF245DF84D00F13D09 /* BlogRouter.swift */ = {isa = PBXFileReference; lastKnownFileType = sourcecode.swift; path = BlogRouter.swift; sourceTree = "<group>"; };
		793CDFF1245DFBFA00F13D09 /* APIRouterHelper.swift */ = {isa = PBXFileReference; lastKnownFileType = sourcecode.swift; path = APIRouterHelper.swift; sourceTree = "<group>"; };
		793CDFF3245E01CC00F13D09 /* BlogManager.swift */ = {isa = PBXFileReference; lastKnownFileType = sourcecode.swift; path = BlogManager.swift; sourceTree = "<group>"; };
		793CDFF5245E029000F13D09 /* Alamofire+Extensions.swift */ = {isa = PBXFileReference; lastKnownFileType = sourcecode.swift; path = "Alamofire+Extensions.swift"; sourceTree = "<group>"; };
		793CDFF7245E050500F13D09 /* InfoModel.swift */ = {isa = PBXFileReference; lastKnownFileType = sourcecode.swift; path = InfoModel.swift; sourceTree = "<group>"; };
		793CDFF9245E05C100F13D09 /* AvatarModel.swift */ = {isa = PBXFileReference; lastKnownFileType = sourcecode.swift; path = AvatarModel.swift; sourceTree = "<group>"; };
		793CDFFB245E0C2D00F13D09 /* ModelBase.swift */ = {isa = PBXFileReference; lastKnownFileType = sourcecode.swift; path = ModelBase.swift; sourceTree = "<group>"; };
		793CDFFF245E0CFD00F13D09 /* ResponseBase.swift */ = {isa = PBXFileReference; lastKnownFileType = sourcecode.swift; path = ResponseBase.swift; sourceTree = "<group>"; };
		793CE001245E0D9C00F13D09 /* InfoResponse.swift */ = {isa = PBXFileReference; lastKnownFileType = sourcecode.swift; path = InfoResponse.swift; sourceTree = "<group>"; };
		793CE003245E9B6300F13D09 /* MainViewModel.swift */ = {isa = PBXFileReference; lastKnownFileType = sourcecode.swift; path = MainViewModel.swift; sourceTree = "<group>"; };
		793CE005245E9CC800F13D09 /* Enums.swift */ = {isa = PBXFileReference; lastKnownFileType = sourcecode.swift; path = Enums.swift; sourceTree = "<group>"; };
		793CE007245EA0B000F13D09 /* NSObject+Extensions.swift */ = {isa = PBXFileReference; lastKnownFileType = sourcecode.swift; path = "NSObject+Extensions.swift"; sourceTree = "<group>"; };
		793CE009245EB98800F13D09 /* String+Extensions.swift */ = {isa = PBXFileReference; lastKnownFileType = sourcecode.swift; path = "String+Extensions.swift"; sourceTree = "<group>"; };
		7FF6ED82606D0EC73041BCBA /* Pods-JKO-Homework.release.xcconfig */ = {isa = PBXFileReference; includeInIndex = 1; lastKnownFileType = text.xcconfig; name = "Pods-JKO-Homework.release.xcconfig"; path = "Target Support Files/Pods-JKO-Homework/Pods-JKO-Homework.release.xcconfig"; sourceTree = "<group>"; };
		DF4B8C0FDAFF0CEB728D758C /* Pods-JKO-Homework.debug.xcconfig */ = {isa = PBXFileReference; includeInIndex = 1; lastKnownFileType = text.xcconfig; name = "Pods-JKO-Homework.debug.xcconfig"; path = "Target Support Files/Pods-JKO-Homework/Pods-JKO-Homework.debug.xcconfig"; sourceTree = "<group>"; };
/* End PBXFileReference section */

/* Begin PBXFrameworksBuildPhase section */
		793CDFB8245A831E00F13D09 /* Frameworks */ = {
			isa = PBXFrameworksBuildPhase;
			buildActionMask = 2147483647;
			files = (
				290232D072819D29924D149D /* libPods-JKO-Homework.a in Frameworks */,
			);
			runOnlyForDeploymentPostprocessing = 0;
		};
/* End PBXFrameworksBuildPhase section */

/* Begin PBXGroup section */
		5F5FFA972D1C62E146E63ABC /* Frameworks */ = {
			isa = PBXGroup;
			children = (
				63CE931A3423D2DFACFBCEEB /* libPods-JKO-Homework.a */,
			);
			name = Frameworks;
			sourceTree = "<group>";
		};
		793CDFB2245A831E00F13D09 = {
			isa = PBXGroup;
			children = (
				793CDFBD245A831E00F13D09 /* JKO-Homework */,
				793CDFBC245A831E00F13D09 /* Products */,
				94C012F7D4E911DDA3A7B780 /* Pods */,
				5F5FFA972D1C62E146E63ABC /* Frameworks */,
			);
			sourceTree = "<group>";
		};
		793CDFBC245A831E00F13D09 /* Products */ = {
			isa = PBXGroup;
			children = (
				793CDFBB245A831E00F13D09 /* 街口作業.app */,
			);
			name = Products;
			sourceTree = "<group>";
		};
		793CDFBD245A831E00F13D09 /* JKO-Homework */ = {
			isa = PBXGroup;
			children = (
				793CDFD9245A944F00F13D09 /* Network */,
				793CDFD3245A8F1B00F13D09 /* Model */,
				793CDFD4245A8F3300F13D09 /* View */,
				793CDFD5245A8F4300F13D09 /* ViewController */,
				793CDFD6245A908A00F13D09 /* ViewModel */,
				793CDFD7245A941C00F13D09 /* CustomView */,
				793CDFD8245A942D00F13D09 /* Extension */,
				793CDFD2245A87DA00F13D09 /* Support */,
			);
			path = "JKO-Homework";
			sourceTree = "<group>";
		};
		793CDFD2245A87DA00F13D09 /* Support */ = {
			isa = PBXGroup;
			children = (
				793CDFC9245A832300F13D09 /* LaunchScreen.storyboard */,
				793CDFBE245A831E00F13D09 /* AppDelegate.swift */,
				793CDFC0245A831F00F13D09 /* SceneDelegate.swift */,
				793CDFC7245A832300F13D09 /* Assets.xcassets */,
				793CDFCC245A832300F13D09 /* Info.plist */,
			);
			path = Support;
			sourceTree = "<group>";
		};
		793CDFD3245A8F1B00F13D09 /* Model */ = {
			isa = PBXGroup;
			children = (
				793CDFFB245E0C2D00F13D09 /* ModelBase.swift */,
				793CDFFF245E0CFD00F13D09 /* ResponseBase.swift */,
				793CDFFD245E0CB000F13D09 /* Model */,
				793CDFFE245E0CC200F13D09 /* Response */,
			);
			path = Model;
			sourceTree = "<group>";
		};
		793CDFD4245A8F3300F13D09 /* View */ = {
			isa = PBXGroup;
			children = (
				793CDFC4245A831F00F13D09 /* Main.storyboard */,
			);
			path = View;
			sourceTree = "<group>";
		};
		793CDFD5245A8F4300F13D09 /* ViewController */ = {
			isa = PBXGroup;
			children = (
				793CDFDB245ABD3600F13D09 /* BaseViewController.swift */,
				793CDFDD245ABF6900F13D09 /* MainViewController */,
			);
			path = ViewController;
			sourceTree = "<group>";
		};
		793CDFD6245A908A00F13D09 /* ViewModel */ = {
			isa = PBXGroup;
			children = (
			);
			path = ViewModel;
			sourceTree = "<group>";
		};
		793CDFD7245A941C00F13D09 /* CustomView */ = {
			isa = PBXGroup;
			children = (
			);
			path = CustomView;
			sourceTree = "<group>";
		};
		793CDFD8245A942D00F13D09 /* Extension */ = {
			isa = PBXGroup;
			children = (
				793CDFE5245B4B3B00F13D09 /* UIView+Extensions.swift */,
				793CDFF5245E029000F13D09 /* Alamofire+Extensions.swift */,
				793CE007245EA0B000F13D09 /* NSObject+Extensions.swift */,
				793CE009245EB98800F13D09 /* String+Extensions.swift */,
			);
			path = Extension;
			sourceTree = "<group>";
		};
		793CDFD9245A944F00F13D09 /* Network */ = {
			isa = PBXGroup;
			children = (
				793CE005245E9CC800F13D09 /* Enums.swift */,
				793CDFED245DCA2400F13D09 /* BaseConfig.swift */,
				793CDFF1245DFBFA00F13D09 /* APIRouterHelper.swift */,
				793CDFEB245DC8CC00F13D09 /* Router */,
				793CDFEC245DC8D400F13D09 /* Manager */,
			);
			path = Network;
			sourceTree = "<group>";
		};
		793CDFDD245ABF6900F13D09 /* MainViewController */ = {
			isa = PBXGroup;
			children = (
				793CDFE0245ADDDF00F13D09 /* CustomView */,
				793CDFC2245A831F00F13D09 /* MainViewController.swift */,
				793CE003245E9B6300F13D09 /* MainViewModel.swift */,
				793CDFDE245ABFAF00F13D09 /* MainViewOutlet.swift */,
			);
			path = MainViewController;
			sourceTree = "<group>";
		};
		793CDFE0245ADDDF00F13D09 /* CustomView */ = {
			isa = PBXGroup;
			children = (
				793CDFE7245C3B9100F13D09 /* InfoHeaderCell.swift */,
				793CDFE8245C3B9100F13D09 /* InfoHeaderCell.xib */,
				7909767A245ED502009F36CB /* InfoHeaderCellViewModel.swift */,
			);
			path = CustomView;
			sourceTree = "<group>";
		};
		793CDFEB245DC8CC00F13D09 /* Router */ = {
			isa = PBXGroup;
			children = (
				793CDFEF245DF84D00F13D09 /* BlogRouter.swift */,
			);
			path = Router;
			sourceTree = "<group>";
		};
		793CDFEC245DC8D400F13D09 /* Manager */ = {
			isa = PBXGroup;
			children = (
				793CDFF3245E01CC00F13D09 /* BlogManager.swift */,
			);
			path = Manager;
			sourceTree = "<group>";
		};
		793CDFFD245E0CB000F13D09 /* Model */ = {
			isa = PBXGroup;
			children = (
				793CDFF7245E050500F13D09 /* InfoModel.swift */,
				793CDFF9245E05C100F13D09 /* AvatarModel.swift */,
			);
			path = Model;
			sourceTree = "<group>";
		};
		793CDFFE245E0CC200F13D09 /* Response */ = {
			isa = PBXGroup;
			children = (
				793CE001245E0D9C00F13D09 /* InfoResponse.swift */,
			);
			path = Response;
			sourceTree = "<group>";
		};
		94C012F7D4E911DDA3A7B780 /* Pods */ = {
			isa = PBXGroup;
			children = (
				DF4B8C0FDAFF0CEB728D758C /* Pods-JKO-Homework.debug.xcconfig */,
				7FF6ED82606D0EC73041BCBA /* Pods-JKO-Homework.release.xcconfig */,
			);
			path = Pods;
			sourceTree = "<group>";
		};
/* End PBXGroup section */

/* Begin PBXNativeTarget section */
		793CDFBA245A831E00F13D09 /* JKO-Homework */ = {
			isa = PBXNativeTarget;
			buildConfigurationList = 793CDFCF245A832300F13D09 /* Build configuration list for PBXNativeTarget "JKO-Homework" */;
			buildPhases = (
				78EC7524FBB9F5C884A9211D /* [CP] Check Pods Manifest.lock */,
				793CDFB7245A831E00F13D09 /* Sources */,
				793CDFB8245A831E00F13D09 /* Frameworks */,
				793CDFB9245A831E00F13D09 /* Resources */,
			);
			buildRules = (
			);
			dependencies = (
			);
			name = "JKO-Homework";
			productName = "JKO-Homework";
			productReference = 793CDFBB245A831E00F13D09 /* 街口作業.app */;
			productType = "com.apple.product-type.application";
		};
/* End PBXNativeTarget section */

/* Begin PBXProject section */
		793CDFB3245A831E00F13D09 /* Project object */ = {
			isa = PBXProject;
			attributes = {
				LastSwiftUpdateCheck = 1130;
				LastUpgradeCheck = 1130;
				ORGANIZATIONNAME = Ric.;
				TargetAttributes = {
					793CDFBA245A831E00F13D09 = {
						CreatedOnToolsVersion = 11.3;
					};
				};
			};
			buildConfigurationList = 793CDFB6245A831E00F13D09 /* Build configuration list for PBXProject "JKO-Homework" */;
			compatibilityVersion = "Xcode 9.3";
			developmentRegion = en;
			hasScannedForEncodings = 0;
			knownRegions = (
				en,
				Base,
			);
			mainGroup = 793CDFB2245A831E00F13D09;
			productRefGroup = 793CDFBC245A831E00F13D09 /* Products */;
			projectDirPath = "";
			projectRoot = "";
			targets = (
				793CDFBA245A831E00F13D09 /* JKO-Homework */,
			);
		};
/* End PBXProject section */

/* Begin PBXResourcesBuildPhase section */
		793CDFB9245A831E00F13D09 /* Resources */ = {
			isa = PBXResourcesBuildPhase;
			buildActionMask = 2147483647;
			files = (
				793CDFCB245A832300F13D09 /* LaunchScreen.storyboard in Resources */,
				793CDFC8245A832300F13D09 /* Assets.xcassets in Resources */,
				793CDFEA245C3B9100F13D09 /* InfoHeaderCell.xib in Resources */,
				793CDFC6245A831F00F13D09 /* Main.storyboard in Resources */,
			);
			runOnlyForDeploymentPostprocessing = 0;
		};
/* End PBXResourcesBuildPhase section */

/* Begin PBXShellScriptBuildPhase section */
		78EC7524FBB9F5C884A9211D /* [CP] Check Pods Manifest.lock */ = {
			isa = PBXShellScriptBuildPhase;
			buildActionMask = 2147483647;
			files = (
			);
			inputFileListPaths = (
			);
			inputPaths = (
				"${PODS_PODFILE_DIR_PATH}/Podfile.lock",
				"${PODS_ROOT}/Manifest.lock",
			);
			name = "[CP] Check Pods Manifest.lock";
			outputFileListPaths = (
			);
			outputPaths = (
				"$(DERIVED_FILE_DIR)/Pods-JKO-Homework-checkManifestLockResult.txt",
			);
			runOnlyForDeploymentPostprocessing = 0;
			shellPath = /bin/sh;
			shellScript = "diff \"${PODS_PODFILE_DIR_PATH}/Podfile.lock\" \"${PODS_ROOT}/Manifest.lock\" > /dev/null\nif [ $? != 0 ] ; then\n    # print error to STDERR\n    echo \"error: The sandbox is not in sync with the Podfile.lock. Run 'pod install' or update your CocoaPods installation.\" >&2\n    exit 1\nfi\n# This output is used by Xcode 'outputs' to avoid re-running this script phase.\necho \"SUCCESS\" > \"${SCRIPT_OUTPUT_FILE_0}\"\n";
			showEnvVarsInLog = 0;
		};
/* End PBXShellScriptBuildPhase section */

/* Begin PBXSourcesBuildPhase section */
		793CDFB7245A831E00F13D09 /* Sources */ = {
			isa = PBXSourcesBuildPhase;
			buildActionMask = 2147483647;
			files = (
				793CE000245E0CFD00F13D09 /* ResponseBase.swift in Sources */,
				793CE00A245EB98800F13D09 /* String+Extensions.swift in Sources */,
				793CDFE6245B4B3B00F13D09 /* UIView+Extensions.swift in Sources */,
				793CDFC3245A831F00F13D09 /* MainViewController.swift in Sources */,
				793CDFFA245E05C100F13D09 /* AvatarModel.swift in Sources */,
				793CDFDC245ABD3600F13D09 /* BaseViewController.swift in Sources */,
				793CDFE9245C3B9100F13D09 /* InfoHeaderCell.swift in Sources */,
				793CDFF6245E029000F13D09 /* Alamofire+Extensions.swift in Sources */,
				793CDFFC245E0C2D00F13D09 /* ModelBase.swift in Sources */,
				7909767B245ED502009F36CB /* InfoHeaderCellViewModel.swift in Sources */,
				793CE002245E0D9C00F13D09 /* InfoResponse.swift in Sources */,
				793CE008245EA0B100F13D09 /* NSObject+Extensions.swift in Sources */,
				793CDFBF245A831E00F13D09 /* AppDelegate.swift in Sources */,
				793CDFC1245A831F00F13D09 /* SceneDelegate.swift in Sources */,
				793CDFF0245DF84D00F13D09 /* BlogRouter.swift in Sources */,
				793CDFF4245E01CC00F13D09 /* BlogManager.swift in Sources */,
				793CE004245E9B6300F13D09 /* MainViewModel.swift in Sources */,
				793CDFF2245DFBFA00F13D09 /* APIRouterHelper.swift in Sources */,
				793CDFF8245E050500F13D09 /* InfoModel.swift in Sources */,
				793CDFEE245DCA2500F13D09 /* BaseConfig.swift in Sources */,
				793CE006245E9CC800F13D09 /* Enums.swift in Sources */,
				793CDFDF245ABFAF00F13D09 /* MainViewOutlet.swift in Sources */,
			);
			runOnlyForDeploymentPostprocessing = 0;
		};
/* End PBXSourcesBuildPhase section */

/* Begin PBXVariantGroup section */
		793CDFC4245A831F00F13D09 /* Main.storyboard */ = {
			isa = PBXVariantGroup;
			children = (
				793CDFC5245A831F00F13D09 /* Base */,
			);
			name = Main.storyboard;
			sourceTree = "<group>";
		};
		793CDFC9245A832300F13D09 /* LaunchScreen.storyboard */ = {
			isa = PBXVariantGroup;
			children = (
				793CDFCA245A832300F13D09 /* Base */,
			);
			name = LaunchScreen.storyboard;
			sourceTree = "<group>";
		};
/* End PBXVariantGroup section */

/* Begin XCBuildConfiguration section */
		793CDFCD245A832300F13D09 /* Debug */ = {
			isa = XCBuildConfiguration;
			buildSettings = {
				ALWAYS_SEARCH_USER_PATHS = NO;
				CLANG_ANALYZER_NONNULL = YES;
				CLANG_ANALYZER_NUMBER_OBJECT_CONVERSION = YES_AGGRESSIVE;
				CLANG_CXX_LANGUAGE_STANDARD = "gnu++14";
				CLANG_CXX_LIBRARY = "libc++";
				CLANG_ENABLE_MODULES = YES;
				CLANG_ENABLE_OBJC_ARC = YES;
				CLANG_ENABLE_OBJC_WEAK = YES;
				CLANG_WARN_BLOCK_CAPTURE_AUTORELEASING = YES;
				CLANG_WARN_BOOL_CONVERSION = YES;
				CLANG_WARN_COMMA = YES;
				CLANG_WARN_CONSTANT_CONVERSION = YES;
				CLANG_WARN_DEPRECATED_OBJC_IMPLEMENTATIONS = YES;
				CLANG_WARN_DIRECT_OBJC_ISA_USAGE = YES_ERROR;
				CLANG_WARN_DOCUMENTATION_COMMENTS = YES;
				CLANG_WARN_EMPTY_BODY = YES;
				CLANG_WARN_ENUM_CONVERSION = YES;
				CLANG_WARN_INFINITE_RECURSION = YES;
				CLANG_WARN_INT_CONVERSION = YES;
				CLANG_WARN_NON_LITERAL_NULL_CONVERSION = YES;
				CLANG_WARN_OBJC_IMPLICIT_RETAIN_SELF = YES;
				CLANG_WARN_OBJC_LITERAL_CONVERSION = YES;
				CLANG_WARN_OBJC_ROOT_CLASS = YES_ERROR;
				CLANG_WARN_RANGE_LOOP_ANALYSIS = YES;
				CLANG_WARN_STRICT_PROTOTYPES = YES;
				CLANG_WARN_SUSPICIOUS_MOVE = YES;
				CLANG_WARN_UNGUARDED_AVAILABILITY = YES_AGGRESSIVE;
				CLANG_WARN_UNREACHABLE_CODE = YES;
				CLANG_WARN__DUPLICATE_METHOD_MATCH = YES;
				COPY_PHASE_STRIP = NO;
				DEBUG_INFORMATION_FORMAT = dwarf;
				ENABLE_STRICT_OBJC_MSGSEND = YES;
				ENABLE_TESTABILITY = YES;
				GCC_C_LANGUAGE_STANDARD = gnu11;
				GCC_DYNAMIC_NO_PIC = NO;
				GCC_NO_COMMON_BLOCKS = YES;
				GCC_OPTIMIZATION_LEVEL = 0;
				GCC_PREPROCESSOR_DEFINITIONS = (
					"DEBUG=1",
					"$(inherited)",
				);
				GCC_WARN_64_TO_32_BIT_CONVERSION = YES;
				GCC_WARN_ABOUT_RETURN_TYPE = YES_ERROR;
				GCC_WARN_UNDECLARED_SELECTOR = YES;
				GCC_WARN_UNINITIALIZED_AUTOS = YES_AGGRESSIVE;
				GCC_WARN_UNUSED_FUNCTION = YES;
				GCC_WARN_UNUSED_VARIABLE = YES;
				IPHONEOS_DEPLOYMENT_TARGET = 13.2;
				MTL_ENABLE_DEBUG_INFO = INCLUDE_SOURCE;
				MTL_FAST_MATH = YES;
				ONLY_ACTIVE_ARCH = YES;
				SDKROOT = iphoneos;
				SWIFT_ACTIVE_COMPILATION_CONDITIONS = DEBUG;
				SWIFT_OPTIMIZATION_LEVEL = "-Onone";
			};
			name = Debug;
		};
		793CDFCE245A832300F13D09 /* Release */ = {
			isa = XCBuildConfiguration;
			buildSettings = {
				ALWAYS_SEARCH_USER_PATHS = NO;
				CLANG_ANALYZER_NONNULL = YES;
				CLANG_ANALYZER_NUMBER_OBJECT_CONVERSION = YES_AGGRESSIVE;
				CLANG_CXX_LANGUAGE_STANDARD = "gnu++14";
				CLANG_CXX_LIBRARY = "libc++";
				CLANG_ENABLE_MODULES = YES;
				CLANG_ENABLE_OBJC_ARC = YES;
				CLANG_ENABLE_OBJC_WEAK = YES;
				CLANG_WARN_BLOCK_CAPTURE_AUTORELEASING = YES;
				CLANG_WARN_BOOL_CONVERSION = YES;
				CLANG_WARN_COMMA = YES;
				CLANG_WARN_CONSTANT_CONVERSION = YES;
				CLANG_WARN_DEPRECATED_OBJC_IMPLEMENTATIONS = YES;
				CLANG_WARN_DIRECT_OBJC_ISA_USAGE = YES_ERROR;
				CLANG_WARN_DOCUMENTATION_COMMENTS = YES;
				CLANG_WARN_EMPTY_BODY = YES;
				CLANG_WARN_ENUM_CONVERSION = YES;
				CLANG_WARN_INFINITE_RECURSION = YES;
				CLANG_WARN_INT_CONVERSION = YES;
				CLANG_WARN_NON_LITERAL_NULL_CONVERSION = YES;
				CLANG_WARN_OBJC_IMPLICIT_RETAIN_SELF = YES;
				CLANG_WARN_OBJC_LITERAL_CONVERSION = YES;
				CLANG_WARN_OBJC_ROOT_CLASS = YES_ERROR;
				CLANG_WARN_RANGE_LOOP_ANALYSIS = YES;
				CLANG_WARN_STRICT_PROTOTYPES = YES;
				CLANG_WARN_SUSPICIOUS_MOVE = YES;
				CLANG_WARN_UNGUARDED_AVAILABILITY = YES_AGGRESSIVE;
				CLANG_WARN_UNREACHABLE_CODE = YES;
				CLANG_WARN__DUPLICATE_METHOD_MATCH = YES;
				COPY_PHASE_STRIP = NO;
				DEBUG_INFORMATION_FORMAT = "dwarf-with-dsym";
				ENABLE_NS_ASSERTIONS = NO;
				ENABLE_STRICT_OBJC_MSGSEND = YES;
				GCC_C_LANGUAGE_STANDARD = gnu11;
				GCC_NO_COMMON_BLOCKS = YES;
				GCC_WARN_64_TO_32_BIT_CONVERSION = YES;
				GCC_WARN_ABOUT_RETURN_TYPE = YES_ERROR;
				GCC_WARN_UNDECLARED_SELECTOR = YES;
				GCC_WARN_UNINITIALIZED_AUTOS = YES_AGGRESSIVE;
				GCC_WARN_UNUSED_FUNCTION = YES;
				GCC_WARN_UNUSED_VARIABLE = YES;
				IPHONEOS_DEPLOYMENT_TARGET = 13.2;
				MTL_ENABLE_DEBUG_INFO = NO;
				MTL_FAST_MATH = YES;
				SDKROOT = iphoneos;
				SWIFT_COMPILATION_MODE = wholemodule;
				SWIFT_OPTIMIZATION_LEVEL = "-O";
				VALIDATE_PRODUCT = YES;
			};
			name = Release;
		};
		793CDFD0245A832300F13D09 /* Debug */ = {
			isa = XCBuildConfiguration;
			baseConfigurationReference = DF4B8C0FDAFF0CEB728D758C /* Pods-JKO-Homework.debug.xcconfig */;
			buildSettings = {
				ASSETCATALOG_COMPILER_APPICON_NAME = AppIcon;
				CODE_SIGN_STYLE = Automatic;
				DEVELOPMENT_TEAM = LB49CV2QEM;
				INFOPLIST_FILE = "JKO-Homework/Support/Info.plist";
				IPHONEOS_DEPLOYMENT_TARGET = 12.0;
				LD_RUNPATH_SEARCH_PATHS = (
					"$(inherited)",
					"@executable_path/Frameworks",
				);
				PRODUCT_BUNDLE_IDENTIFIER = "RichardKao.JKO-Homework";
				PRODUCT_NAME = "街口作業";
				SWIFT_VERSION = 5.0;
				TARGETED_DEVICE_FAMILY = "1,2";
			};
			name = Debug;
		};
		793CDFD1245A832300F13D09 /* Release */ = {
			isa = XCBuildConfiguration;
			baseConfigurationReference = 7FF6ED82606D0EC73041BCBA /* Pods-JKO-Homework.release.xcconfig */;
			buildSettings = {
				ASSETCATALOG_COMPILER_APPICON_NAME = AppIcon;
				CODE_SIGN_STYLE = Automatic;
				DEVELOPMENT_TEAM = LB49CV2QEM;
				INFOPLIST_FILE = "JKO-Homework/Support/Info.plist";
				IPHONEOS_DEPLOYMENT_TARGET = 12.0;
				LD_RUNPATH_SEARCH_PATHS = (
					"$(inherited)",
					"@executable_path/Frameworks",
				);
				PRODUCT_BUNDLE_IDENTIFIER = "RichardKao.JKO-Homework";
				PRODUCT_NAME = "街口作業";
				SWIFT_VERSION = 5.0;
				TARGETED_DEVICE_FAMILY = "1,2";
			};
			name = Release;
		};
/* End XCBuildConfiguration section */

/* Begin XCConfigurationList section */
		793CDFB6245A831E00F13D09 /* Build configuration list for PBXProject "JKO-Homework" */ = {
			isa = XCConfigurationList;
			buildConfigurations = (
				793CDFCD245A832300F13D09 /* Debug */,
				793CDFCE245A832300F13D09 /* Release */,
			);
			defaultConfigurationIsVisible = 0;
			defaultConfigurationName = Release;
		};
		793CDFCF245A832300F13D09 /* Build configuration list for PBXNativeTarget "JKO-Homework" */ = {
			isa = XCConfigurationList;
			buildConfigurations = (
				793CDFD0245A832300F13D09 /* Debug */,
				793CDFD1245A832300F13D09 /* Release */,
			);
			defaultConfigurationIsVisible = 0;
			defaultConfigurationName = Release;
		};
/* End XCConfigurationList section */
	};
	rootObject = 793CDFB3245A831E00F13D09 /* Project object */;
}
