// !$*UTF8*$!
{
	archiveVersion = 1;
	classes = {
	};
	objectVersion = 50;
	objects = {

/* Begin PBXBuildFile section */
		793CDFBF245A831E00F13D09 /* AppDelegate.swift in Sources */ = {isa = PBXBuildFile; fileRef = 793CDFBE245A831E00F13D09 /* AppDelegate.swift */; };
		793CDFC1245A831F00F13D09 /* SceneDelegate.swift in Sources */ = {isa = PBXBuildFile; fileRef = 793CDFC0245A831F00F13D09 /* SceneDelegate.swift */; };
		793CDFC3245A831F00F13D09 /* ViewController.swift in Sources */ = {isa = PBXBuildFile; fileRef = 793CDFC2245A831F00F13D09 /* ViewController.swift */; };
		793CDFC6245A831F00F13D09 /* Main.storyboard in Resources */ = {isa = PBXBuildFile; fileRef = 793CDFC4245A831F00F13D09 /* Main.storyboard */; };
		793CDFC8245A832300F13D09 /* Assets.xcassets in Resources */ = {isa = PBXBuildFile; fileRef = 793CDFC7245A832300F13D09 /* Assets.xcassets */; };
		793CDFCB245A832300F13D09 /* LaunchScreen.storyboard in Resources */ = {isa = PBXBuildFile; fileRef = 793CDFC9245A832300F13D09 /* LaunchScreen.storyboard */; };
		E07CFDD9C6F4AC92C2014BC6 /* Pods_JKO_Homework.framework in Frameworks */ = {isa = PBXBuildFile; fileRef = 592939C1C5E6F771D53C88A5 /* Pods_JKO_Homework.framework */; };
/* End PBXBuildFile section */

/* Begin PBXFileReference section */
		592939C1C5E6F771D53C88A5 /* Pods_JKO_Homework.framework */ = {isa = PBXFileReference; explicitFileType = wrapper.framework; includeInIndex = 0; path = Pods_JKO_Homework.framework; sourceTree = BUILT_PRODUCTS_DIR; };
		793CDFBB245A831E00F13D09 /* JKO-Homework.app */ = {isa = PBXFileReference; explicitFileType = wrapper.application; includeInIndex = 0; path = "JKO-Homework.app"; sourceTree = BUILT_PRODUCTS_DIR; };
		793CDFBE245A831E00F13D09 /* AppDelegate.swift */ = {isa = PBXFileReference; lastKnownFileType = sourcecode.swift; path = AppDelegate.swift; sourceTree = "<group>"; };
		793CDFC0245A831F00F13D09 /* SceneDelegate.swift */ = {isa = PBXFileReference; lastKnownFileType = sourcecode.swift; path = SceneDelegate.swift; sourceTree = "<group>"; };
		793CDFC2245A831F00F13D09 /* ViewController.swift */ = {isa = PBXFileReference; lastKnownFileType = sourcecode.swift; path = ViewController.swift; sourceTree = "<group>"; };
		793CDFC5245A831F00F13D09 /* Base */ = {isa = PBXFileReference; lastKnownFileType = file.storyboard; name = Base; path = Base.lproj/Main.storyboard; sourceTree = "<group>"; };
		793CDFC7245A832300F13D09 /* Assets.xcassets */ = {isa = PBXFileReference; lastKnownFileType = folder.assetcatalog; path = Assets.xcassets; sourceTree = "<group>"; };
		793CDFCA245A832300F13D09 /* Base */ = {isa = PBXFileReference; lastKnownFileType = file.storyboard; name = Base; path = Base.lproj/LaunchScreen.storyboard; sourceTree = "<group>"; };
		793CDFCC245A832300F13D09 /* Info.plist */ = {isa = PBXFileReference; lastKnownFileType = text.plist.xml; path = Info.plist; sourceTree = "<group>"; };
		7FF6ED82606D0EC73041BCBA /* Pods-JKO-Homework.release.xcconfig */ = {isa = PBXFileReference; includeInIndex = 1; lastKnownFileType = text.xcconfig; name = "Pods-JKO-Homework.release.xcconfig"; path = "Target Support Files/Pods-JKO-Homework/Pods-JKO-Homework.release.xcconfig"; sourceTree = "<group>"; };
		DF4B8C0FDAFF0CEB728D758C /* Pods-JKO-Homework.debug.xcconfig */ = {isa = PBXFileReference; includeInIndex = 1; lastKnownFileType = text.xcconfig; name = "Pods-JKO-Homework.debug.xcconfig"; path = "Target Support Files/Pods-JKO-Homework/Pods-JKO-Homework.debug.xcconfig"; sourceTree = "<group>"; };
/* End PBXFileReference section */

/* Begin PBXFrameworksBuildPhase section */
		793CDFB8245A831E00F13D09 /* Frameworks */ = {
			isa = PBXFrameworksBuildPhase;
			buildActionMask = 2147483647;
			files = (
				E07CFDD9C6F4AC92C2014BC6 /* Pods_JKO_Homework.framework in Frameworks */,
			);
			runOnlyForDeploymentPostprocessing = 0;
		};
/* End PBXFrameworksBuildPhase section */

/* Begin PBXGroup section */
		5F5FFA972D1C62E146E63ABC /* Frameworks */ = {
			isa = PBXGroup;
			children = (
				592939C1C5E6F771D53C88A5 /* Pods_JKO_Homework.framework */,
			);
			name = Frameworks;
			sourceTree = "<group>";
		};
		793CDFB2245A831E00F13D09 = {
			isa = PBXGroup;
			children = (
				793CDFBD245A831E00F13D09 /* JKO-Homework */,
				793CDFBC245A831E00F13D09 /* Products */,
				94C012F7D4E911DDA3A7B780 /* Pods */,
				5F5FFA972D1C62E146E63ABC /* Frameworks */,
			);
			sourceTree = "<group>";
		};
		793CDFBC245A831E00F13D09 /* Products */ = {
			isa = PBXGroup;
			children = (
				793CDFBB245A831E00F13D09 /* JKO-Homework.app */,
			);
			name = Products;
			sourceTree = "<group>";
		};
		793CDFBD245A831E00F13D09 /* JKO-Homework */ = {
			isa = PBXGroup;
			children = (
				793CDFD9245A944F00F13D09 /* Network */,
				793CDFD3245A8F1B00F13D09 /* Model */,
				793CDFD4245A8F3300F13D09 /* View */,
				793CDFD5245A8F4300F13D09 /* ViewController */,
				793CDFD6245A908A00F13D09 /* ViewModel */,
				793CDFD7245A941C00F13D09 /* CustomView */,
				793CDFD8245A942D00F13D09 /* Extension */,
				793CDFD2245A87DA00F13D09 /* Support */,
			);
			path = "JKO-Homework";
			sourceTree = "<group>";
		};
		793CDFD2245A87DA00F13D09 /* Support */ = {
			isa = PBXGroup;
			children = (
				793CDFC9245A832300F13D09 /* LaunchScreen.storyboard */,
				793CDFBE245A831E00F13D09 /* AppDelegate.swift */,
				793CDFC0245A831F00F13D09 /* SceneDelegate.swift */,
				793CDFC7245A832300F13D09 /* Assets.xcassets */,
				793CDFCC245A832300F13D09 /* Info.plist */,
			);
			path = Support;
			sourceTree = "<group>";
		};
		793CDFD3245A8F1B00F13D09 /* Model */ = {
			isa = PBXGroup;
			children = (
			);
			path = Model;
			sourceTree = "<group>";
		};
		793CDFD4245A8F3300F13D09 /* View */ = {
			isa = PBXGroup;
			children = (
				793CDFC4245A831F00F13D09 /* Main.storyboard */,
			);
			path = View;
			sourceTree = "<group>";
		};
		793CDFD5245A8F4300F13D09 /* ViewController */ = {
			isa = PBXGroup;
			children = (
				793CDFC2245A831F00F13D09 /* ViewController.swift */,
			);
			path = ViewController;
			sourceTree = "<group>";
		};
		793CDFD6245A908A00F13D09 /* ViewModel */ = {
			isa = PBXGroup;
			children = (
			);
			path = ViewModel;
			sourceTree = "<group>";
		};
		793CDFD7245A941C00F13D09 /* CustomView */ = {
			isa = PBXGroup;
			children = (
			);
			path = CustomView;
			sourceTree = "<group>";
		};
		793CDFD8245A942D00F13D09 /* Extension */ = {
			isa = PBXGroup;
			children = (
			);
			path = Extension;
			sourceTree = "<group>";
		};
		793CDFD9245A944F00F13D09 /* Network */ = {
			isa = PBXGroup;
			children = (
			);
			path = Network;
			sourceTree = "<group>";
		};
		94C012F7D4E911DDA3A7B780 /* Pods */ = {
			isa = PBXGroup;
			children = (
				DF4B8C0FDAFF0CEB728D758C /* Pods-JKO-Homework.debug.xcconfig */,
				7FF6ED82606D0EC73041BCBA /* Pods-JKO-Homework.release.xcconfig */,
			);
			name = Pods;
			path = Pods;
			sourceTree = "<group>";
		};
/* End PBXGroup section */

/* Begin PBXNativeTarget section */
		793CDFBA245A831E00F13D09 /* JKO-Homework */ = {
			isa = PBXNativeTarget;
			buildConfigurationList = 793CDFCF245A832300F13D09 /* Build configuration list for PBXNativeTarget "JKO-Homework" */;
			buildPhases = (
				78EC7524FBB9F5C884A9211D /* [CP] Check Pods Manifest.lock */,
				793CDFB7245A831E00F13D09 /* Sources */,
				793CDFB8245A831E00F13D09 /* Frameworks */,
				793CDFB9245A831E00F13D09 /* Resources */,
				5D1D4613894AE8B81303F36F /* [CP] Embed Pods Frameworks */,
			);
			buildRules = (
			);
			dependencies = (
			);
			name = "JKO-Homework";
			productName = "JKO-Homework";
			productReference = 793CDFBB245A831E00F13D09 /* JKO-Homework.app */;
			productType = "com.apple.product-type.application";
		};
/* End PBXNativeTarget section */

/* Begin PBXProject section */
		793CDFB3245A831E00F13D09 /* Project object */ = {
			isa = PBXProject;
			attributes = {
				LastSwiftUpdateCheck = 1130;
				LastUpgradeCheck = 1130;
				ORGANIZATIONNAME = Ric.;
				TargetAttributes = {
					793CDFBA245A831E00F13D09 = {
						CreatedOnToolsVersion = 11.3;
					};
				};
			};
			buildConfigurationList = 793CDFB6245A831E00F13D09 /* Build configuration list for PBXProject "JKO-Homework" */;
			compatibilityVersion = "Xcode 9.3";
			developmentRegion = en;
			hasScannedForEncodings = 0;
			knownRegions = (
				en,
				Base,
			);
			mainGroup = 793CDFB2245A831E00F13D09;
			productRefGroup = 793CDFBC245A831E00F13D09 /* Products */;
			projectDirPath = "";
			projectRoot = "";
			targets = (
				793CDFBA245A831E00F13D09 /* JKO-Homework */,
			);
		};
/* End PBXProject section */

/* Begin PBXResourcesBuildPhase section */
		793CDFB9245A831E00F13D09 /* Resources */ = {
			isa = PBXResourcesBuildPhase;
			buildActionMask = 2147483647;
			files = (
				793CDFCB245A832300F13D09 /* LaunchScreen.storyboard in Resources */,
				793CDFC8245A832300F13D09 /* Assets.xcassets in Resources */,
				793CDFC6245A831F00F13D09 /* Main.storyboard in Resources */,
			);
			runOnlyForDeploymentPostprocessing = 0;
		};
/* End PBXResourcesBuildPhase section */

/* Begin PBXShellScriptBuildPhase section */
		5D1D4613894AE8B81303F36F /* [CP] Embed Pods Frameworks */ = {
			isa = PBXShellScriptBuildPhase;
			buildActionMask = 2147483647;
			files = (
			);
			inputFileListPaths = (
				"${PODS_ROOT}/Target Support Files/Pods-JKO-Homework/Pods-JKO-Homework-frameworks-${CONFIGURATION}-input-files.xcfilelist",
			);
			name = "[CP] Embed Pods Frameworks";
			outputFileListPaths = (
				"${PODS_ROOT}/Target Support Files/Pods-JKO-Homework/Pods-JKO-Homework-frameworks-${CONFIGURATION}-output-files.xcfilelist",
			);
			runOnlyForDeploymentPostprocessing = 0;
			shellPath = /bin/sh;
			shellScript = "\"${PODS_ROOT}/Target Support Files/Pods-JKO-Homework/Pods-JKO-Homework-frameworks.sh\"\n";
			showEnvVarsInLog = 0;
		};
		78EC7524FBB9F5C884A9211D /* [CP] Check Pods Manifest.lock */ = {
			isa = PBXShellScriptBuildPhase;
			buildActionMask = 2147483647;
			files = (
			);
			inputFileListPaths = (
			);
			inputPaths = (
				"${PODS_PODFILE_DIR_PATH}/Podfile.lock",
				"${PODS_ROOT}/Manifest.lock",
			);
			name = "[CP] Check Pods Manifest.lock";
			outputFileListPaths = (
			);
			outputPaths = (
				"$(DERIVED_FILE_DIR)/Pods-JKO-Homework-checkManifestLockResult.txt",
			);
			runOnlyForDeploymentPostprocessing = 0;
			shellPath = /bin/sh;
			shellScript = "diff \"${PODS_PODFILE_DIR_PATH}/Podfile.lock\" \"${PODS_ROOT}/Manifest.lock\" > /dev/null\nif [ $? != 0 ] ; then\n    # print error to STDERR\n    echo \"error: The sandbox is not in sync with the Podfile.lock. Run 'pod install' or update your CocoaPods installation.\" >&2\n    exit 1\nfi\n# This output is used by Xcode 'outputs' to avoid re-running this script phase.\necho \"SUCCESS\" > \"${SCRIPT_OUTPUT_FILE_0}\"\n";
			showEnvVarsInLog = 0;
		};
/* End PBXShellScriptBuildPhase section */

/* Begin PBXSourcesBuildPhase section */
		793CDFB7245A831E00F13D09 /* Sources */ = {
			isa = PBXSourcesBuildPhase;
			buildActionMask = 2147483647;
			files = (
				793CDFC3245A831F00F13D09 /* ViewController.swift in Sources */,
				793CDFBF245A831E00F13D09 /* AppDelegate.swift in Sources */,
				793CDFC1245A831F00F13D09 /* SceneDelegate.swift in Sources */,
			);
			runOnlyForDeploymentPostprocessing = 0;
		};
/* End PBXSourcesBuildPhase section */

/* Begin PBXVariantGroup section */
		793CDFC4245A831F00F13D09 /* Main.storyboard */ = {
			isa = PBXVariantGroup;
			children = (
				793CDFC5245A831F00F13D09 /* Base */,
			);
			name = Main.storyboard;
			sourceTree = "<group>";
		};
		793CDFC9245A832300F13D09 /* LaunchScreen.storyboard */ = {
			isa = PBXVariantGroup;
			children = (
				793CDFCA245A832300F13D09 /* Base */,
			);
			name = LaunchScreen.storyboard;
			sourceTree = "<group>";
		};
/* End PBXVariantGroup section */

/* Begin XCBuildConfiguration section */
		793CDFCD245A832300F13D09 /* Debug */ = {
			isa = XCBuildConfiguration;
			buildSettings = {
				ALWAYS_SEARCH_USER_PATHS = NO;
				CLANG_ANALYZER_NONNULL = YES;
				CLANG_ANALYZER_NUMBER_OBJECT_CONVERSION = YES_AGGRESSIVE;
				CLANG_CXX_LANGUAGE_STANDARD = "gnu++14";
				CLANG_CXX_LIBRARY = "libc++";
				CLANG_ENABLE_MODULES = YES;
				CLANG_ENABLE_OBJC_ARC = YES;
				CLANG_ENABLE_OBJC_WEAK = YES;
				CLANG_WARN_BLOCK_CAPTURE_AUTORELEASING = YES;
				CLANG_WARN_BOOL_CONVERSION = YES;
				CLANG_WARN_COMMA = YES;
				CLANG_WARN_CONSTANT_CONVERSION = YES;
				CLANG_WARN_DEPRECATED_OBJC_IMPLEMENTATIONS = YES;
				CLANG_WARN_DIRECT_OBJC_ISA_USAGE = YES_ERROR;
				CLANG_WARN_DOCUMENTATION_COMMENTS = YES;
				CLANG_WARN_EMPTY_BODY = YES;
				CLANG_WARN_ENUM_CONVERSION = YES;
				CLANG_WARN_INFINITE_RECURSION = YES;
				CLANG_WARN_INT_CONVERSION = YES;
				CLANG_WARN_NON_LITERAL_NULL_CONVERSION = YES;
				CLANG_WARN_OBJC_IMPLICIT_RETAIN_SELF = YES;
				CLANG_WARN_OBJC_LITERAL_CONVERSION = YES;
				CLANG_WARN_OBJC_ROOT_CLASS = YES_ERROR;
				CLANG_WARN_RANGE_LOOP_ANALYSIS = YES;
				CLANG_WARN_STRICT_PROTOTYPES = YES;
				CLANG_WARN_SUSPICIOUS_MOVE = YES;
				CLANG_WARN_UNGUARDED_AVAILABILITY = YES_AGGRESSIVE;
				CLANG_WARN_UNREACHABLE_CODE = YES;
				CLANG_WARN__DUPLICATE_METHOD_MATCH = YES;
				COPY_PHASE_STRIP = NO;
				DEBUG_INFORMATION_FORMAT = dwarf;
				ENABLE_STRICT_OBJC_MSGSEND = YES;
				ENABLE_TESTABILITY = YES;
				GCC_C_LANGUAGE_STANDARD = gnu11;
				GCC_DYNAMIC_NO_PIC = NO;
				GCC_NO_COMMON_BLOCKS = YES;
				GCC_OPTIMIZATION_LEVEL = 0;
				GCC_PREPROCESSOR_DEFINITIONS = (
					"DEBUG=1",
					"$(inherited)",
				);
				GCC_WARN_64_TO_32_BIT_CONVERSION = YES;
				GCC_WARN_ABOUT_RETURN_TYPE = YES_ERROR;
				GCC_WARN_UNDECLARED_SELECTOR = YES;
				GCC_WARN_UNINITIALIZED_AUTOS = YES_AGGRESSIVE;
				GCC_WARN_UNUSED_FUNCTION = YES;
				GCC_WARN_UNUSED_VARIABLE = YES;
				IPHONEOS_DEPLOYMENT_TARGET = 13.2;
				MTL_ENABLE_DEBUG_INFO = INCLUDE_SOURCE;
				MTL_FAST_MATH = YES;
				ONLY_ACTIVE_ARCH = YES;
				SDKROOT = iphoneos;
				SWIFT_ACTIVE_COMPILATION_CONDITIONS = DEBUG;
				SWIFT_OPTIMIZATION_LEVEL = "-Onone";
			};
			name = Debug;
		};
		793CDFCE245A832300F13D09 /* Release */ = {
			isa = XCBuildConfiguration;
			buildSettings = {
				ALWAYS_SEARCH_USER_PATHS = NO;
				CLANG_ANALYZER_NONNULL = YES;
				CLANG_ANALYZER_NUMBER_OBJECT_CONVERSION = YES_AGGRESSIVE;
				CLANG_CXX_LANGUAGE_STANDARD = "gnu++14";
				CLANG_CXX_LIBRARY = "libc++";
				CLANG_ENABLE_MODULES = YES;
				CLANG_ENABLE_OBJC_ARC = YES;
				CLANG_ENABLE_OBJC_WEAK = YES;
				CLANG_WARN_BLOCK_CAPTURE_AUTORELEASING = YES;
				CLANG_WARN_BOOL_CONVERSION = YES;
				CLANG_WARN_COMMA = YES;
				CLANG_WARN_CONSTANT_CONVERSION = YES;
				CLANG_WARN_DEPRECATED_OBJC_IMPLEMENTATIONS = YES;
				CLANG_WARN_DIRECT_OBJC_ISA_USAGE = YES_ERROR;
				CLANG_WARN_DOCUMENTATION_COMMENTS = YES;
				CLANG_WARN_EMPTY_BODY = YES;
				CLANG_WARN_ENUM_CONVERSION = YES;
				CLANG_WARN_INFINITE_RECURSION = YES;
				CLANG_WARN_INT_CONVERSION = YES;
				CLANG_WARN_NON_LITERAL_NULL_CONVERSION = YES;
				CLANG_WARN_OBJC_IMPLICIT_RETAIN_SELF = YES;
				CLANG_WARN_OBJC_LITERAL_CONVERSION = YES;
				CLANG_WARN_OBJC_ROOT_CLASS = YES_ERROR;
				CLANG_WARN_RANGE_LOOP_ANALYSIS = YES;
				CLANG_WARN_STRICT_PROTOTYPES = YES;
				CLANG_WARN_SUSPICIOUS_MOVE = YES;
				CLANG_WARN_UNGUARDED_AVAILABILITY = YES_AGGRESSIVE;
				CLANG_WARN_UNREACHABLE_CODE = YES;
				CLANG_WARN__DUPLICATE_METHOD_MATCH = YES;
				COPY_PHASE_STRIP = NO;
				DEBUG_INFORMATION_FORMAT = "dwarf-with-dsym";
				ENABLE_NS_ASSERTIONS = NO;
				ENABLE_STRICT_OBJC_MSGSEND = YES;
				GCC_C_LANGUAGE_STANDARD = gnu11;
				GCC_NO_COMMON_BLOCKS = YES;
				GCC_WARN_64_TO_32_BIT_CONVERSION = YES;
				GCC_WARN_ABOUT_RETURN_TYPE = YES_ERROR;
				GCC_WARN_UNDECLARED_SELECTOR = YES;
				GCC_WARN_UNINITIALIZED_AUTOS = YES_AGGRESSIVE;
				GCC_WARN_UNUSED_FUNCTION = YES;
				GCC_WARN_UNUSED_VARIABLE = YES;
				IPHONEOS_DEPLOYMENT_TARGET = 13.2;
				MTL_ENABLE_DEBUG_INFO = NO;
				MTL_FAST_MATH = YES;
				SDKROOT = iphoneos;
				SWIFT_COMPILATION_MODE = wholemodule;
				SWIFT_OPTIMIZATION_LEVEL = "-O";
				VALIDATE_PRODUCT = YES;
			};
			name = Release;
		};
		793CDFD0245A832300F13D09 /* Debug */ = {
			isa = XCBuildConfiguration;
			baseConfigurationReference = DF4B8C0FDAFF0CEB728D758C /* Pods-JKO-Homework.debug.xcconfig */;
			buildSettings = {
				ASSETCATALOG_COMPILER_APPICON_NAME = AppIcon;
				CODE_SIGN_STYLE = Automatic;
				DEVELOPMENT_TEAM = LB49CV2QEM;
				INFOPLIST_FILE = "JKO-Homework/Support/Info.plist";
				IPHONEOS_DEPLOYMENT_TARGET = 12.0;
				LD_RUNPATH_SEARCH_PATHS = (
					"$(inherited)",
					"@executable_path/Frameworks",
				);
				PRODUCT_BUNDLE_IDENTIFIER = "RichardKao.JKO-Homework";
				PRODUCT_NAME = "$(TARGET_NAME)";
				SWIFT_VERSION = 5.0;
				TARGETED_DEVICE_FAMILY = "1,2";
			};
			name = Debug;
		};
		793CDFD1245A832300F13D09 /* Release */ = {
			isa = XCBuildConfiguration;
			baseConfigurationReference = 7FF6ED82606D0EC73041BCBA /* Pods-JKO-Homework.release.xcconfig */;
			buildSettings = {
				ASSETCATALOG_COMPILER_APPICON_NAME = AppIcon;
				CODE_SIGN_STYLE = Automatic;
				DEVELOPMENT_TEAM = LB49CV2QEM;
				INFOPLIST_FILE = "JKO-Homework/Support/Info.plist";
				IPHONEOS_DEPLOYMENT_TARGET = 12.0;
				LD_RUNPATH_SEARCH_PATHS = (
					"$(inherited)",
					"@executable_path/Frameworks",
				);
				PRODUCT_BUNDLE_IDENTIFIER = "RichardKao.JKO-Homework";
				PRODUCT_NAME = "$(TARGET_NAME)";
				SWIFT_VERSION = 5.0;
				TARGETED_DEVICE_FAMILY = "1,2";
			};
			name = Release;
		};
/* End XCBuildConfiguration section */

/* Begin XCConfigurationList section */
		793CDFB6245A831E00F13D09 /* Build configuration list for PBXProject "JKO-Homework" */ = {
			isa = XCConfigurationList;
			buildConfigurations = (
				793CDFCD245A832300F13D09 /* Debug */,
				793CDFCE245A832300F13D09 /* Release */,
			);
			defaultConfigurationIsVisible = 0;
			defaultConfigurationName = Release;
		};
		793CDFCF245A832300F13D09 /* Build configuration list for PBXNativeTarget "JKO-Homework" */ = {
			isa = XCConfigurationList;
			buildConfigurations = (
				793CDFD0245A832300F13D09 /* Debug */,
				793CDFD1245A832300F13D09 /* Release */,
			);
			defaultConfigurationIsVisible = 0;
			defaultConfigurationName = Release;
		};
/* End XCConfigurationList section */
	};
	rootObject = 793CDFB3245A831E00F13D09 /* Project object */;
}
